# Upstream baseline lock — Day 1 closeout
# 生成: 2026-08-05（对应 closeout day-01-closeout.md）
# 原则: 优先复现 Polar stable 示例，禁止随意组合 main/nightly。
# 证据来源: artifacts/day-01/{source-versions,python-packages,container-images,host-preflight}.txt
#           （2026-08-05 采集，基线归档于 artifacts/day-01/baseline-2026-08-03/）

captured_at_utc: "2026-08-09T08:06:57Z"

hardware:
  gpu: NVIDIA RTX PRO 6000 Blackwell Server Edition
  count: 2
  gpu_uuids: [GPU-4288d6c9-0384-25dc-1071-9bea701b9374, GPU-52776180-5d8e-460e-a121-86a1a23c05c5]
  memory_per_gpu_mib: 97887
  compute_capability: 12.0
  driver: 580.159.03
  cuda_version: "13.0"
  hostname: server-desktop
  kernel: 6.8.0-110-generic
  topology: NODE (两卡同 NUMA，PCIe P2P)

software:
  polar:
    remote: https://github.com/NVIDIA-NeMo/ProRL-Agent-Server
    ref: stable
    commit: f0e8343a7870abf6ec2366890f685881ceab92cb
    dirty: false
  slime:
    remote: https://github.com/THUDM/slime
    ref: v0.3.0
    commit: bf14dc21f9500746447f2572d0692e981c4d2a7e
    dirty: false
    pin_by: polar stable src/slime_bridge/README.md
  megatron_lm:
    remote: https://github.com/NVIDIA/Megatron-LM
    commit: 1dcf0dafa884ad52ffb243625717a3471643e087
    dirty: true  # 本地两笔补丁，见 patches
    patch_checksum: 2a2af7be500504307c1f5a12fdf574c8a066c6a7fdcf30b96d5ed7f0cc2ddd64  # git diff HEAD（含 staged+unstaged）
    patches:
      - name: slime megatron.patch (v0.5.12.post1)
        source: slime docker/patch/v0.5.12.post1/megatron.patch
        file_sha256: 976fd8bbe1f4e386be97e35353efdbfb592dacaea9797c5a81ea324d3c2c5b77
        applied_as: staged (git index vs HEAD)
        applied_diff_sha256: c30f39e6b7e01104b484ac21b3e09023d0b35ae3f98eba85ed75448e275818c1
      - name: local SDPA attention patch (sm120 8K 容量打通)
        source: 本地修改 megatron/core/transformer/dot_product_attention.py
        path: patches/megatron/sdpa-sm120-8k.patch
        sha256: eb95f109058bf8e57a9dadac222ac4908b3ebceaf6c26fdc05a1eef0a1a30cb8
        applied_as: unstaged (worktree vs index)
        apply_check:
          clean_head_copy: "git apply --check on HEAD archive: OK (exit 0)"
          dirty_worktree: "git apply --check --reverse: OK (patch already applied, exit 0)"
    pin_by: slime v0.3.0 docker/Dockerfile MEGATRON_COMMIT
  sglang:
    remote: https://github.com/sgl-project/sglang
    ref: v0.5.13
    commit: 28b095c01005d4a3a2a5b637b7d028b07fba31b2
    dirty: false
    pin_by: polar stable README (uv pip install "sglang==0.5.13")
  mbridge:
    remote: https://github.com/ISEEKYAN/mbridge
    version: 0.15.1
    commit: 89eb10887887bc74853f89a4de258c0702932a1c
    dirty: false
    pin_by: slime v0.3.0 docker/Dockerfile (pip install ISEEKYAN/mbridge@89eb1088)
  megatron_bridge_radixark:
    # slime docker 安装项 git+https://github.com/radixark/Megatron-Bridge.git@bridge；
    # 训练运行时实际不 import（execution-record 4.4），仅作记录。
    remote: https://github.com/radixark/Megatron-Bridge
    ref: bridge
    commit: 7f0fb3456f8ffe47599b5fd167b454605d85f932
    dirty: false
  swegym_evaluator:
    status: NOT_FROZEN
    note: 4.6 官方 SWE-Gym 基线（Day 1 分段验证）前冻结

model:
  id: Qwen/Qwen3-4B-Instruct-2507
  revision: cdbee75f17c01a7cc42f958dc650907174af0554
  tokenizer_revision: cdbee75f17c01a7cc42f958dc650907174af0554  # 同一 snapshot，含 config/tokenizer 文件
  cache: /data/day-01-workspace/hf-cache/hub/models--Qwen--Qwen3-4B-Instruct-2507
  refs: main -> cdbee75f17c01a7cc42f958dc650907174af0554
  note: HF_ENDPOINT=https://hf-mirror.com, HF_HUB_DISABLE_XET=1；4.3/4.4 smoke 实测模型
  qwen3_5_4b_downloaded_not_validated:
    id: Qwen/Qwen3.5-4B
    revision: 851bf6e806efd8d0a36b00ddf55e13ccb7b8cd0a
    note: 已下载未验证（GDN 内核在 sm120 可用性未重测）

runtime_images:
  calculator:
    repository: polar-localhost-calculator
    tag: latest
    digest: sha256:0a967a5c33ee206f7524181cdd4ff866389016651645336eee93de1a7d970f49  # 本地构建，image ID = 内容 digest
    layout_version: "3"  # io.polar.calculator-image-version
    build_source: polar stable examples/calculator/runtime/Dockerfile (build_image.py)
    built_at: "2026-08-05T06:17:01Z"
    base_images:
      - python:3.12-slim-bookworm sha256:d97928a6ed61651c87a8b94e0622d37f26c02783523f4577d211afc062fae429
      - node:22-bookworm-slim sha256:d649c27dae7ba0137b3cef5dd75baa422c08dc3d9e3fc0c23dfb172dc3cc6436
    registry_note: docker.io 不可达，base 镜像经代理 docker.1panel.live 拉取后 tag 为本地名
  cuda_base:
    repository: nvcr.io/nvidia/cuda
    tag: 13.0.1-base-ubuntu22.04
    digest: sha256:5543ce69b0d2d65b0c4ad978bd26f4cd67e4fccc629c262902ced0502e23cd7f

environment:
  rollout_env:
    path: /data/day-01-workspace/src/polar/.venv
    toolchain: uv, python 3.12.13
    key_packages: {sglang: 0.5.13, sglang-kernel: 0.4.3, torch: 2.11.0+cu130, flash-attn-4: 4.0.0b19, flashinfer-python: 0.6.12, xgrammar: 0.2.1, transformers: 5.8.1, polar: 0.1.0}
  train_env:
    path: /data/day-01-workspace/src/slime/.venv
    toolchain: uv, python 3.12.13
    key_packages: {torch: 2.11.0+cu130, megatron-core: 0.16.0rc0, slime: 0.3.0, mbridge: 0.15.1, transformers: 4.57.3, numpy: 1.26.4, flash-attn-4: 4.0.0b19, triton: 3.6.0}
  hf_cache: /data/day-01-workspace/hf-cache
  model_dir: /data/day-01-workspace/models
  docker_root: /data/day-01-workspace/docker-root
  artifacts: /data/day-01-workspace/artifacts
  disk_data_free: 3.0T (2026-08-09)

evidence:
  smoke_sglang_response: artifacts/day-01/inference-response.json
  smoke_sglang_log: artifacts/day-01/sglang-server.log
  smoke_megatron: artifacts/day-01/backward-smoke-{512,4096-tp2,8192-tp2}.json
  checksums:
    inference-response.json: 270b3078c697c43ed5c3ee8fe357ca17c8e16ab118ba00c8a2225d1acac725c7
    sglang-server.log: 3379b0bb9f501a8c0ce5eabcf9cd17794348614090ffe0ffa82d8b6ca4a1dd96
    backward-smoke-512.json: 736c9dd954ed4364ef27680dbc9f9324897a996048ddb66a46bf9a76941d0683
    backward-smoke-4096-tp2.json: 31587050714dc88495656d0f2d7c18823176ad9b369ec5bd1505c2f0cf7d923a
    backward-smoke-8192-tp2.json: 8811c0a180158c48e2d04e2b34fa568da59cc9f80492813f33d59d9fec748cd3
